{
  "name": "01-todos-frontend",
  "version": "1.0.0",
  "lockfileVersion": 1,
  "requires": true,
  "dependencies": {
    "sortablejs": {
      "version": "1.7.0",
      "resolved": "https://registry.npmjs.org/sortablejs/-/sortablejs-1.7.0.tgz",
      "integrity": "sha1-gKKyNwq9Vo4c7IwnETHvMKkE+ig="
    },
    "vue-sortable": {
      "version": "0.1.3",
      "resolved": "https://registry.npmjs.org/vue-sortable/-/vue-sortable-0.1.3.tgz",
      "integrity": "sha1-N7iJ4vLVTGFI1dG5WIBsZwQiHrk=",
      "requires": {
        "sortablejs": "1.7.0"
      }
    }
  }
}
